// !$*UTF8*$!
{
	archiveVersion = 1;
	classes = {
	};
	objectVersion = 46;
	objects = {

/* Begin PBXBuildFile section */
		C3ED56391E14455B004D2C05 /* AppDelegate.swift in Sources */ = {isa = PBXBuildFile; fileRef = C3ED56381E14455B004D2C05 /* AppDelegate.swift */; };
		C3ED563B1E14455B004D2C05 /* Assets.xcassets in Resources */ = {isa = PBXBuildFile; fileRef = C3ED563A1E14455B004D2C05 /* Assets.xcassets */; };
		C3ED563E1E14455B004D2C05 /* MainMenu.xib in Resources */ = {isa = PBXBuildFile; fileRef = C3ED563C1E14455B004D2C05 /* MainMenu.xib */; };
		C3ED564E1E144F52004D2C05 /* AppDelegate.swift in Sources */ = {isa = PBXBuildFile; fileRef = C3ED564D1E144F52004D2C05 /* AppDelegate.swift */; };
		C3ED56501E144F52004D2C05 /* Assets.xcassets in Resources */ = {isa = PBXBuildFile; fileRef = C3ED564F1E144F52004D2C05 /* Assets.xcassets */; };
		C3ED56531E144F52004D2C05 /* MainMenu.xib in Resources */ = {isa = PBXBuildFile; fileRef = C3ED56511E144F52004D2C05 /* MainMenu.xib */; };
		C3ED565F1E145012004D2C05 /* AppDelegate.swift in Sources */ = {isa = PBXBuildFile; fileRef = C3ED565E1E145012004D2C05 /* AppDelegate.swift */; };
		C3ED56611E145012004D2C05 /* Assets.xcassets in Resources */ = {isa = PBXBuildFile; fileRef = C3ED56601E145012004D2C05 /* Assets.xcassets */; };
		C3ED56641E145012004D2C05 /* MainMenu.xib in Resources */ = {isa = PBXBuildFile; fileRef = C3ED56621E145012004D2C05 /* MainMenu.xib */; };
		C3ED566B1E1456EE004D2C05 /* dockSeparator.app in Resources */ = {isa = PBXBuildFile; fileRef = C3ED56351E14455B004D2C05 /* dockSeparator.app */; };
		C3ED566C1E1456F3004D2C05 /* dockSeparator.app in Resources */ = {isa = PBXBuildFile; fileRef = C3ED56351E14455B004D2C05 /* dockSeparator.app */; };
/* End PBXBuildFile section */

/* Begin PBXFileReference section */
		C3ED56351E14455B004D2C05 /* dockSeparator.app */ = {isa = PBXFileReference; explicitFileType = wrapper.application; includeInIndex = 0; path = dockSeparator.app; sourceTree = BUILT_PRODUCTS_DIR; };
		C3ED56381E14455B004D2C05 /* AppDelegate.swift */ = {isa = PBXFileReference; lastKnownFileType = sourcecode.swift; path = AppDelegate.swift; sourceTree = "<group>"; };
		C3ED563A1E14455B004D2C05 /* Assets.xcassets */ = {isa = PBXFileReference; lastKnownFileType = folder.assetcatalog; path = Assets.xcassets; sourceTree = "<group>"; };
		C3ED563D1E14455B004D2C05 /* Base */ = {isa = PBXFileReference; lastKnownFileType = file.xib; name = Base; path = Base.lproj/MainMenu.xib; sourceTree = "<group>"; };
		C3ED563F1E14455B004D2C05 /* Info.plist */ = {isa = PBXFileReference; lastKnownFileType = text.plist.xml; path = Info.plist; sourceTree = "<group>"; };
		C3ED564B1E144F52004D2C05 /* dockSeparator2.app */ = {isa = PBXFileReference; explicitFileType = wrapper.application; includeInIndex = 0; path = dockSeparator2.app; sourceTree = BUILT_PRODUCTS_DIR; };
		C3ED564D1E144F52004D2C05 /* AppDelegate.swift */ = {isa = PBXFileReference; lastKnownFileType = sourcecode.swift; path = AppDelegate.swift; sourceTree = "<group>"; };
		C3ED564F1E144F52004D2C05 /* Assets.xcassets */ = {isa = PBXFileReference; lastKnownFileType = folder.assetcatalog; path = Assets.xcassets; sourceTree = "<group>"; };
		C3ED56521E144F52004D2C05 /* Base */ = {isa = PBXFileReference; lastKnownFileType = file.xib; name = Base; path = Base.lproj/MainMenu.xib; sourceTree = "<group>"; };
		C3ED56541E144F52004D2C05 /* Info.plist */ = {isa = PBXFileReference; lastKnownFileType = text.plist.xml; path = Info.plist; sourceTree = "<group>"; };
		C3ED565C1E145012004D2C05 /* dockSeparator3.app */ = {isa = PBXFileReference; explicitFileType = wrapper.application; includeInIndex = 0; path = dockSeparator3.app; sourceTree = BUILT_PRODUCTS_DIR; };
		C3ED565E1E145012004D2C05 /* AppDelegate.swift */ = {isa = PBXFileReference; lastKnownFileType = sourcecode.swift; path = AppDelegate.swift; sourceTree = "<group>"; };
		C3ED56601E145012004D2C05 /* Assets.xcassets */ = {isa = PBXFileReference; lastKnownFileType = folder.assetcatalog; path = Assets.xcassets; sourceTree = "<group>"; };
		C3ED56631E145012004D2C05 /* Base */ = {isa = PBXFileReference; lastKnownFileType = file.xib; name = Base; path = Base.lproj/MainMenu.xib; sourceTree = "<group>"; };
		C3ED56651E145012004D2C05 /* Info.plist */ = {isa = PBXFileReference; lastKnownFileType = text.plist.xml; path = Info.plist; sourceTree = "<group>"; };
/* End PBXFileReference section */

/* Begin PBXFrameworksBuildPhase section */
		C3ED56321E14455A004D2C05 /* Frameworks */ = {
			isa = PBXFrameworksBuildPhase;
			buildActionMask = 2147483647;
			files = (
			);
			runOnlyForDeploymentPostprocessing = 0;
		};
		C3ED56481E144F52004D2C05 /* Frameworks */ = {
			isa = PBXFrameworksBuildPhase;
			buildActionMask = 2147483647;
			files = (
			);
			runOnlyForDeploymentPostprocessing = 0;
		};
		C3ED56591E145012004D2C05 /* Frameworks */ = {
			isa = PBXFrameworksBuildPhase;
			buildActionMask = 2147483647;
			files = (
			);
			runOnlyForDeploymentPostprocessing = 0;
		};
/* End PBXFrameworksBuildPhase section */

/* Begin PBXGroup section */
		C3ED562C1E14455A004D2C05 = {
			isa = PBXGroup;
			children = (
				C3ED56371E14455B004D2C05 /* dockSeparator */,
				C3ED564C1E144F52004D2C05 /* dockSeparator2 */,
				C3ED565D1E145012004D2C05 /* dockSeparator3 */,
				C3ED56361E14455B004D2C05 /* Products */,
			);
			sourceTree = "<group>";
		};
		C3ED56361E14455B004D2C05 /* Products */ = {
			isa = PBXGroup;
			children = (
				C3ED56351E14455B004D2C05 /* dockSeparator.app */,
				C3ED564B1E144F52004D2C05 /* dockSeparator2.app */,
				C3ED565C1E145012004D2C05 /* dockSeparator3.app */,
			);
			name = Products;
			sourceTree = "<group>";
		};
		C3ED56371E14455B004D2C05 /* dockSeparator */ = {
			isa = PBXGroup;
			children = (
				C3ED56381E14455B004D2C05 /* AppDelegate.swift */,
				C3ED563A1E14455B004D2C05 /* Assets.xcassets */,
				C3ED563C1E14455B004D2C05 /* MainMenu.xib */,
				C3ED563F1E14455B004D2C05 /* Info.plist */,
			);
			path = dockSeparator;
			sourceTree = "<group>";
		};
		C3ED564C1E144F52004D2C05 /* dockSeparator2 */ = {
			isa = PBXGroup;
			children = (
				C3ED564D1E144F52004D2C05 /* AppDelegate.swift */,
				C3ED564F1E144F52004D2C05 /* Assets.xcassets */,
				C3ED56511E144F52004D2C05 /* MainMenu.xib */,
				C3ED56541E144F52004D2C05 /* Info.plist */,
			);
			path = dockSeparator2;
			sourceTree = "<group>";
		};
		C3ED565D1E145012004D2C05 /* dockSeparator3 */ = {
			isa = PBXGroup;
			children = (
				C3ED565E1E145012004D2C05 /* AppDelegate.swift */,
				C3ED56601E145012004D2C05 /* Assets.xcassets */,
				C3ED56621E145012004D2C05 /* MainMenu.xib */,
				C3ED56651E145012004D2C05 /* Info.plist */,
			);
			path = dockSeparator3;
			sourceTree = "<group>";
		};
/* End PBXGroup section */

/* Begin PBXNativeTarget section */
		C3ED56341E14455A004D2C05 /* dockSeparator */ = {
			isa = PBXNativeTarget;
			buildConfigurationList = C3ED56421E14455B004D2C05 /* Build configuration list for PBXNativeTarget "dockSeparator" */;
			buildPhases = (
				C3ED56311E14455A004D2C05 /* Sources */,
				C3ED56321E14455A004D2C05 /* Frameworks */,
				C3ED56331E14455A004D2C05 /* Resources */,
			);
			buildRules = (
			);
			dependencies = (
			);
			name = dockSeparator;
			productName = dockSeparator;
			productReference = C3ED56351E14455B004D2C05 /* dockSeparator.app */;
			productType = "com.apple.product-type.application";
		};
		C3ED564A1E144F52004D2C05 /* dockSeparator2 */ = {
			isa = PBXNativeTarget;
			buildConfigurationList = C3ED56551E144F52004D2C05 /* Build configuration list for PBXNativeTarget "dockSeparator2" */;
			buildPhases = (
				C3ED56471E144F52004D2C05 /* Sources */,
				C3ED56481E144F52004D2C05 /* Frameworks */,
				C3ED56491E144F52004D2C05 /* Resources */,
			);
			buildRules = (
			);
			dependencies = (
			);
			name = dockSeparator2;
			productName = dockSeparator2;
			productReference = C3ED564B1E144F52004D2C05 /* dockSeparator2.app */;
			productType = "com.apple.product-type.application";
		};
		C3ED565B1E145012004D2C05 /* dockSeparator3 */ = {
			isa = PBXNativeTarget;
			buildConfigurationList = C3ED56661E145012004D2C05 /* Build configuration list for PBXNativeTarget "dockSeparator3" */;
			buildPhases = (
				C3ED56581E145012004D2C05 /* Sources */,
				C3ED56591E145012004D2C05 /* Frameworks */,
				C3ED565A1E145012004D2C05 /* Resources */,
			);
			buildRules = (
			);
			dependencies = (
			);
			name = dockSeparator3;
			productName = dockSeparator3;
			productReference = C3ED565C1E145012004D2C05 /* dockSeparator3.app */;
			productType = "com.apple.product-type.application";
		};
/* End PBXNativeTarget section */

/* Begin PBXProject section */
		C3ED562D1E14455A004D2C05 /* Project object */ = {
			isa = PBXProject;
			attributes = {
				LastSwiftUpdateCheck = 0820;
				LastUpgradeCheck = 0820;
				ORGANIZATIONNAME = "Nick Johnson";
				TargetAttributes = {
					C3ED56341E14455A004D2C05 = {
						CreatedOnToolsVersion = 8.2.1;
						ProvisioningStyle = Automatic;
					};
					C3ED564A1E144F52004D2C05 = {
						CreatedOnToolsVersion = 8.2.1;
						ProvisioningStyle = Automatic;
					};
					C3ED565B1E145012004D2C05 = {
						CreatedOnToolsVersion = 8.2.1;
						ProvisioningStyle = Automatic;
					};
				};
			};
			buildConfigurationList = C3ED56301E14455A004D2C05 /* Build configuration list for PBXProject "dockSeparator" */;
			compatibilityVersion = "Xcode 3.2";
			developmentRegion = English;
			hasScannedForEncodings = 0;
			knownRegions = (
				en,
				Base,
			);
			mainGroup = C3ED562C1E14455A004D2C05;
			productRefGroup = C3ED56361E14455B004D2C05 /* Products */;
			projectDirPath = "";
			projectRoot = "";
			targets = (
				C3ED56341E14455A004D2C05 /* dockSeparator */,
				C3ED564A1E144F52004D2C05 /* dockSeparator2 */,
				C3ED565B1E145012004D2C05 /* dockSeparator3 */,
			);
		};
/* End PBXProject section */

/* Begin PBXResourcesBuildPhase section */
		C3ED56331E14455A004D2C05 /* Resources */ = {
			isa = PBXResourcesBuildPhase;
			buildActionMask = 2147483647;
			files = (
				C3ED563B1E14455B004D2C05 /* Assets.xcassets in Resources */,
				C3ED563E1E14455B004D2C05 /* MainMenu.xib in Resources */,
			);
			runOnlyForDeploymentPostprocessing = 0;
		};
		C3ED56491E144F52004D2C05 /* Resources */ = {
			isa = PBXResourcesBuildPhase;
			buildActionMask = 2147483647;
			files = (
				C3ED56501E144F52004D2C05 /* Assets.xcassets in Resources */,
				C3ED566B1E1456EE004D2C05 /* dockSeparator.app in Resources */,
				C3ED56531E144F52004D2C05 /* MainMenu.xib in Resources */,
			);
			runOnlyForDeploymentPostprocessing = 0;
		};
		C3ED565A1E145012004D2C05 /* Resources */ = {
			isa = PBXResourcesBuildPhase;
			buildActionMask = 2147483647;
			files = (
				C3ED56611E145012004D2C05 /* Assets.xcassets in Resources */,
				C3ED566C1E1456F3004D2C05 /* dockSeparator.app in Resources */,
				C3ED56641E145012004D2C05 /* MainMenu.xib in Resources */,
			);
			runOnlyForDeploymentPostprocessing = 0;
		};
/* End PBXResourcesBuildPhase section */

/* Begin PBXSourcesBuildPhase section */
		C3ED56311E14455A004D2C05 /* Sources */ = {
			isa = PBXSourcesBuildPhase;
			buildActionMask = 2147483647;
			files = (
				C3ED56391E14455B004D2C05 /* AppDelegate.swift in Sources */,
			);
			runOnlyForDeploymentPostprocessing = 0;
		};
		C3ED56471E144F52004D2C05 /* Sources */ = {
			isa = PBXSourcesBuildPhase;
			buildActionMask = 2147483647;
			files = (
				C3ED564E1E144F52004D2C05 /* AppDelegate.swift in Sources */,
			);
			runOnlyForDeploymentPostprocessing = 0;
		};
		C3ED56581E145012004D2C05 /* Sources */ = {
			isa = PBXSourcesBuildPhase;
			buildActionMask = 2147483647;
			files = (
				C3ED565F1E145012004D2C05 /* AppDelegate.swift in Sources */,
			);
			runOnlyForDeploymentPostprocessing = 0;
		};
/* End PBXSourcesBuildPhase section */

/* Begin PBXVariantGroup section */
		C3ED563C1E14455B004D2C05 /* MainMenu.xib */ = {
			isa = PBXVariantGroup;
			children = (
				C3ED563D1E14455B004D2C05 /* Base */,
			);
			name = MainMenu.xib;
			sourceTree = "<group>";
		};
		C3ED56511E144F52004D2C05 /* MainMenu.xib */ = {
			isa = PBXVariantGroup;
			children = (
				C3ED56521E144F52004D2C05 /* Base */,
			);
			name = MainMenu.xib;
			sourceTree = "<group>";
		};
		C3ED56621E145012004D2C05 /* MainMenu.xib */ = {
			isa = PBXVariantGroup;
			children = (
				C3ED56631E145012004D2C05 /* Base */,
			);
			name = MainMenu.xib;
			sourceTree = "<group>";
		};
/* End PBXVariantGroup section */

/* Begin XCBuildConfiguration section */
		C3ED56401E14455B004D2C05 /* Debug */ = {
			isa = XCBuildConfiguration;
			buildSettings = {
				ALWAYS_SEARCH_USER_PATHS = NO;
				CLANG_ANALYZER_NONNULL = YES;
				CLANG_CXX_LANGUAGE_STANDARD = "gnu++0x";
				CLANG_CXX_LIBRARY = "libc++";
				CLANG_ENABLE_MODULES = YES;
				CLANG_ENABLE_OBJC_ARC = YES;
				CLANG_WARN_BOOL_CONVERSION = YES;
				CLANG_WARN_CONSTANT_CONVERSION = YES;
				CLANG_WARN_DIRECT_OBJC_ISA_USAGE = YES_ERROR;
				CLANG_WARN_DOCUMENTATION_COMMENTS = YES;
				CLANG_WARN_EMPTY_BODY = YES;
				CLANG_WARN_ENUM_CONVERSION = YES;
				CLANG_WARN_INFINITE_RECURSION = YES;
				CLANG_WARN_INT_CONVERSION = YES;
				CLANG_WARN_OBJC_ROOT_CLASS = YES_ERROR;
				CLANG_WARN_SUSPICIOUS_MOVE = YES;
				CLANG_WARN_UNREACHABLE_CODE = YES;
				CLANG_WARN__DUPLICATE_METHOD_MATCH = YES;
				CODE_SIGN_IDENTITY = "-";
				COPY_PHASE_STRIP = NO;
				DEBUG_INFORMATION_FORMAT = dwarf;
				ENABLE_STRICT_OBJC_MSGSEND = YES;
				ENABLE_TESTABILITY = YES;
				GCC_C_LANGUAGE_STANDARD = gnu99;
				GCC_DYNAMIC_NO_PIC = NO;
				GCC_NO_COMMON_BLOCKS = YES;
				GCC_OPTIMIZATION_LEVEL = 0;
				GCC_PREPROCESSOR_DEFINITIONS = (
					"DEBUG=1",
					"$(inherited)",
				);
				GCC_WARN_64_TO_32_BIT_CONVERSION = YES;
				GCC_WARN_ABOUT_RETURN_TYPE = YES_ERROR;
				GCC_WARN_UNDECLARED_SELECTOR = YES;
				GCC_WARN_UNINITIALIZED_AUTOS = YES_AGGRESSIVE;
				GCC_WARN_UNUSED_FUNCTION = YES;
				GCC_WARN_UNUSED_VARIABLE = YES;
				MACOSX_DEPLOYMENT_TARGET = 10.12;
				MTL_ENABLE_DEBUG_INFO = YES;
				ONLY_ACTIVE_ARCH = YES;
				SDKROOT = macosx;
				SWIFT_ACTIVE_COMPILATION_CONDITIONS = DEBUG;
				SWIFT_OPTIMIZATION_LEVEL = "-Onone";
			};
			name = Debug;
		};
		C3ED56411E14455B004D2C05 /* Release */ = {
			isa = XCBuildConfiguration;
			buildSettings = {
				ALWAYS_SEARCH_USER_PATHS = NO;
				CLANG_ANALYZER_NONNULL = YES;
				CLANG_CXX_LANGUAGE_STANDARD = "gnu++0x";
				CLANG_CXX_LIBRARY = "libc++";
				CLANG_ENABLE_MODULES = YES;
				CLANG_ENABLE_OBJC_ARC = YES;
				CLANG_WARN_BOOL_CONVERSION = YES;
				CLANG_WARN_CONSTANT_CONVERSION = YES;
				CLANG_WARN_DIRECT_OBJC_ISA_USAGE = YES_ERROR;
				CLANG_WARN_DOCUMENTATION_COMMENTS = YES;
				CLANG_WARN_EMPTY_BODY = YES;
				CLANG_WARN_ENUM_CONVERSION = YES;
				CLANG_WARN_INFINITE_RECURSION = YES;
				CLANG_WARN_INT_CONVERSION = YES;
				CLANG_WARN_OBJC_ROOT_CLASS = YES_ERROR;
				CLANG_WARN_SUSPICIOUS_MOVE = YES;
				CLANG_WARN_UNREACHABLE_CODE = YES;
				CLANG_WARN__DUPLICATE_METHOD_MATCH = YES;
				CODE_SIGN_IDENTITY = "-";
				COPY_PHASE_STRIP = NO;
				DEBUG_INFORMATION_FORMAT = "dwarf-with-dsym";
				ENABLE_NS_ASSERTIONS = NO;
				ENABLE_STRICT_OBJC_MSGSEND = YES;
				GCC_C_LANGUAGE_STANDARD = gnu99;
				GCC_NO_COMMON_BLOCKS = YES;
				GCC_WARN_64_TO_32_BIT_CONVERSION = YES;
				GCC_WARN_ABOUT_RETURN_TYPE = YES_ERROR;
				GCC_WARN_UNDECLARED_SELECTOR = YES;
				GCC_WARN_UNINITIALIZED_AUTOS = YES_AGGRESSIVE;
				GCC_WARN_UNUSED_FUNCTION = YES;
				GCC_WARN_UNUSED_VARIABLE = YES;
				MACOSX_DEPLOYMENT_TARGET = 10.12;
				MTL_ENABLE_DEBUG_INFO = NO;
				SDKROOT = macosx;
				SWIFT_OPTIMIZATION_LEVEL = "-Owholemodule";
			};
			name = Release;
		};
		C3ED56431E14455B004D2C05 /* Debug */ = {
			isa = XCBuildConfiguration;
			buildSettings = {
				ASSETCATALOG_COMPILER_APPICON_NAME = AppIcon;
				COMBINE_HIDPI_IMAGES = YES;
				INFOPLIST_FILE = dockSeparator/Info.plist;
				LD_RUNPATH_SEARCH_PATHS = "$(inherited) @executable_path/../Frameworks";
				PRODUCT_BUNDLE_IDENTIFIER = NDJ.dockSeparator;
				PRODUCT_NAME = "$(TARGET_NAME)";
				SWIFT_VERSION = 3.0;
			};
			name = Debug;
		};
		C3ED56441E14455B004D2C05 /* Release */ = {
			isa = XCBuildConfiguration;
			buildSettings = {
				ASSETCATALOG_COMPILER_APPICON_NAME = AppIcon;
				COMBINE_HIDPI_IMAGES = YES;
				INFOPLIST_FILE = dockSeparator/Info.plist;
				LD_RUNPATH_SEARCH_PATHS = "$(inherited) @executable_path/../Frameworks";
				PRODUCT_BUNDLE_IDENTIFIER = NDJ.dockSeparator;
				PRODUCT_NAME = "$(TARGET_NAME)";
				SWIFT_VERSION = 3.0;
			};
			name = Release;
		};
		C3ED56561E144F52004D2C05 /* Debug */ = {
			isa = XCBuildConfiguration;
			buildSettings = {
				ASSETCATALOG_COMPILER_APPICON_NAME = AppIcon;
				COMBINE_HIDPI_IMAGES = YES;
				INFOPLIST_FILE = dockSeparator2/Info.plist;
				LD_RUNPATH_SEARCH_PATHS = "$(inherited) @executable_path/../Frameworks";
				PRODUCT_BUNDLE_IDENTIFIER = NDJ.dockSeparator2;
				PRODUCT_NAME = "$(TARGET_NAME)";
				SWIFT_VERSION = 3.0;
			};
			name = Debug;
		};
		C3ED56571E144F52004D2C05 /* Release */ = {
			isa = XCBuildConfiguration;
			buildSettings = {
				ASSETCATALOG_COMPILER_APPICON_NAME = AppIcon;
				COMBINE_HIDPI_IMAGES = YES;
				INFOPLIST_FILE = dockSeparator2/Info.plist;
				LD_RUNPATH_SEARCH_PATHS = "$(inherited) @executable_path/../Frameworks";
				PRODUCT_BUNDLE_IDENTIFIER = NDJ.dockSeparator2;
				PRODUCT_NAME = "$(TARGET_NAME)";
				SWIFT_VERSION = 3.0;
			};
			name = Release;
		};
		C3ED56671E145012004D2C05 /* Debug */ = {
			isa = XCBuildConfiguration;
			buildSettings = {
				ASSETCATALOG_COMPILER_APPICON_NAME = AppIcon;
				COMBINE_HIDPI_IMAGES = YES;
				INFOPLIST_FILE = dockSeparator3/Info.plist;
				LD_RUNPATH_SEARCH_PATHS = "$(inherited) @executable_path/../Frameworks";
				PRODUCT_BUNDLE_IDENTIFIER = NDJ.dockSeparator3;
				PRODUCT_NAME = "$(TARGET_NAME)";
				SWIFT_VERSION = 3.0;
			};
			name = Debug;
		};
		C3ED56681E145012004D2C05 /* Release */ = {
			isa = XCBuildConfiguration;
			buildSettings = {
				ASSETCATALOG_COMPILER_APPICON_NAME = AppIcon;
				COMBINE_HIDPI_IMAGES = YES;
				INFOPLIST_FILE = dockSeparator3/Info.plist;
				LD_RUNPATH_SEARCH_PATHS = "$(inherited) @executable_path/../Frameworks";
				PRODUCT_BUNDLE_IDENTIFIER = NDJ.dockSeparator3;
				PRODUCT_NAME = "$(TARGET_NAME)";
				SWIFT_VERSION = 3.0;
			};
			name = Release;
		};
/* End XCBuildConfiguration section */

/* Begin XCConfigurationList section */
		C3ED56301E14455A004D2C05 /* Build configuration list for PBXProject "dockSeparator" */ = {
			isa = XCConfigurationList;
			buildConfigurations = (
				C3ED56401E14455B004D2C05 /* Debug */,
				C3ED56411E14455B004D2C05 /* Release */,
			);
			defaultConfigurationIsVisible = 0;
			defaultConfigurationName = Release;
		};
		C3ED56421E14455B004D2C05 /* Build configuration list for PBXNativeTarget "dockSeparator" */ = {
			isa = XCConfigurationList;
			buildConfigurations = (
				C3ED56431E14455B004D2C05 /* Debug */,
				C3ED56441E14455B004D2C05 /* Release */,
			);
			defaultConfigurationIsVisible = 0;
		};
		C3ED56551E144F52004D2C05 /* Build configuration list for PBXNativeTarget "dockSeparator2" */ = {
			isa = XCConfigurationList;
			buildConfigurations = (
				C3ED56561E144F52004D2C05 /* Debug */,
				C3ED56571E144F52004D2C05 /* Release */,
			);
			defaultConfigurationIsVisible = 0;
		};
		C3ED56661E145012004D2C05 /* Build configuration list for PBXNativeTarget "dockSeparator3" */ = {
			isa = XCConfigurationList;
			buildConfigurations = (
				C3ED56671E145012004D2C05 /* Debug */,
				C3ED56681E145012004D2C05 /* Release */,
			);
			defaultConfigurationIsVisible = 0;
		};
/* End XCConfigurationList section */
	};
	rootObject = C3ED562D1E14455A004D2C05 /* Project object */;
}
